
Microsoft Visual Studio Solution File, Format Version 12.00
# Visual Studio Version 16
VisualStudioVersion = 16.0.30711.63
MinimumVisualStudioVersion = 10.0.40219.1
Project("{FAE04EC0-301F-11D3-BF4B-00C04F79EFBC}") = "HomePracticalWork3", "HomePracticalWork3\HomePracticalWork3.csproj", "{894312C7-086C-4886-8996-B5137D2BA419}"
EndProject
Global
	GlobalSection(SolutionConfigurationPlatforms) = preSolution
		Debug|Any CPU = Debug|Any CPU
		Release|Any CPU = Release|Any CPU
	EndGlobalSection
	GlobalSection(ProjectConfigurationPlatforms) = postSolution
		{894312C7-086C-4886-8996-B5137D2BA419}.Debug|Any CPU.ActiveCfg = Debug|Any CPU
		{894312C7-086C-4886-8996-B5137D2BA419}.Debug|Any CPU.Build.0 = Debug|Any CPU
		{894312C7-086C-4886-8996-B5137D2BA419}.Release|Any CPU.ActiveCfg = Release|Any CPU
		{894312C7-086C-4886-8996-B5137D2BA419}.Release|Any CPU.Build.0 = Release|Any CPU
	EndGlobalSection
	GlobalSection(SolutionProperties) = preSolution
		HideSolutionNode = FALSE
	EndGlobalSection
	GlobalSection(ExtensibilityGlobals) = postSolution
		SolutionGuid = {C039A2C7-54DD-4C6C-9338-A38611508EFE}
	EndGlobalSection
EndGlobal
